{
  "name": "release",
  "lockfileVersion": 3,
  "requires": true,
  "packages": {
    "": {
      "dependencies": {
        "nbb": "1.5.212"
      }
    },
    "node_modules/import-meta-resolve": {
      "version": "4.2.0",
      "resolved": "https://registry.npmjs.org/import-meta-resolve/-/import-meta-resolve-4.2.0.tgz",
      "integrity": "sha512-Iqv2fzaTQN28s/FwZAoFq0ZSs/7hMAHJVX+w8PZl3cY19Pxk6jFFalxQoIfW2826i/fDLXv8IiEZRIT0lDuWcg==",
      "license": "MIT",
      "funding": {
        "type": "github",
        "url": "https://github.com/sponsors/wooorm"
      }
    },
    "node_modules/nbb": {
      "version": "1.5.212",
      "resolved": "https://registry.npmjs.org/nbb/-/nbb-1.5.212.tgz",
      "integrity": "sha512-7lLur29pCmrg+zw7/oTE2yE1lmKIt5S6rAJaCHfsNkf7ZQmgdoaT4qn1JgQNQCPS3i8k+4hG8ABG67JYjQEN2A==",
      "license": "EPL-1.0",
      "dependencies": {
        "import-meta-resolve": "^4.1.0"
      },
      "bin": {
        "nbb": "cli.js",
        "nbbun": "nbbun.js"
      }
    }
  }
}
